{
  "requires": true,
  "lockfileVersion": 1,
  "dependencies": {
    "@react-oauth/google": {
      "version": "0.8.0",
      "resolved": "https://registry.npmjs.org/@react-oauth/google/-/google-0.8.0.tgz",
      "integrity": "sha512-xmIhYvvaBSblOzo3Fqv762lqub92SOFR8eRR7QpPyFPZEXZcOymaMuEkRSUKUrbu+9wfB8qtOaGMRJzrN7U2PA=="
    },
    "dotenv": {
      "version": "16.0.3",
      "resolved": "https://registry.npmjs.org/dotenv/-/dotenv-16.0.3.tgz",
      "integrity": "sha512-7GO6HghkA5fYG9TYnNxi14/7K9f5occMlp3zXAuSxn7CKCxt9xbNWG7yF8hTCSUchlfWSe3uLmlPfigevRItzQ=="
    },
    "gapi-script": {
      "version": "1.2.0",
      "resolved": "https://registry.npmjs.org/gapi-script/-/gapi-script-1.2.0.tgz",
      "integrity": "sha512-NKTVKiIwFdkO1j1EzcrWu/Pz7gsl1GmBmgh+qhuV2Ytls04W/Eg5aiBL91SCiBM9lU0PMu7p1hTVxhh1rPT5Lw=="
    }
  }
}
